
Microsoft Visual Studio Solution File, Format Version 12.00
# Visual Studio Version 17
VisualStudioVersion = 17.9.34728.123
MinimumVisualStudioVersion = 10.0.40219.1
Project("{FAE04EC0-301F-11D3-BF4B-00C04F79EFBC}") = "OrganizadorDeTareas", "OrganizadorDeTareas.csproj", "{A88B3FF8-1FDF-4040-8C24-A0BA61AA331C}"
EndProject
Global
	GlobalSection(SolutionConfigurationPlatforms) = preSolution
		Debug|Any CPU = Debug|Any CPU
		Release|Any CPU = Release|Any CPU
	EndGlobalSection
	GlobalSection(ProjectConfigurationPlatforms) = postSolution
		{A88B3FF8-1FDF-4040-8C24-A0BA61AA331C}.Debug|Any CPU.ActiveCfg = Debug|Any CPU
		{A88B3FF8-1FDF-4040-8C24-A0BA61AA331C}.Debug|Any CPU.Build.0 = Debug|Any CPU
		{A88B3FF8-1FDF-4040-8C24-A0BA61AA331C}.Release|Any CPU.ActiveCfg = Release|Any CPU
		{A88B3FF8-1FDF-4040-8C24-A0BA61AA331C}.Release|Any CPU.Build.0 = Release|Any CPU
	EndGlobalSection
	GlobalSection(SolutionProperties) = preSolution
		HideSolutionNode = FALSE
	EndGlobalSection
	GlobalSection(ExtensibilityGlobals) = postSolution
		SolutionGuid = {0FDE1F55-8F1F-4346-858C-9319C1749667}
	EndGlobalSection
EndGlobal
